# THIS IS AN AUTOGENERATED FILE. DO NOT EDIT THIS FILE DIRECTLY.
# yarn lockfile v1


ws@^7.5.2:
  version "7.5.4"
  resolved "https://registry.yarnpkg.com/ws/-/ws-7.5.4.tgz#56bfa20b167427e138a7795de68d134fe92e21f9"
  integrity sha512-zP9z6GXm6zC27YtspwH99T3qTG7bBFv2VIkeHstMLrLlDJuzA7tQ5ls3OJ1hOGGCzTQPniNJoHXIAOS0Jljohg==
